Microsoft Visual Studio Solution File, Format Version 12.00
# Visual Studio Version 17
VisualStudioVersion = 17.10.35013.160
MinimumVisualStudioVersion = 10.0.40219.1
Project("{9A19103F-16F7-4668-BE54-9A1E7A4F7556}") = "Domain", "Domain\Domain.csproj", "{CF0ABB5A-CD7B-47F6-9683-C19A0539E25A}"
EndProject
Project("{9A19103F-16F7-4668-BE54-9A1E7A4F7556}") = "Infraestructure", "Infraestructure\Infraestructure.csproj", "{B5924263-368C-414D-ACB2-1416C1527DFA}"
EndProject
Project("{9A19103F-16F7-4668-BE54-9A1E7A4F7556}") = "Testing", "Testing\Testing.csproj", "{F3F127B7-1253-48F3-9458-76755F1AB408}"
EndProject
Project("{9A19103F-16F7-4668-BE54-9A1E7A4F7556}") = "ApplicationCore", "ApplicationCore\ApplicationCore.csproj", "{3B5EC824-BF12-4BDF-83B6-A853DD1FF787}"
EndProject
Project("{2150E333-8FDC-42A3-9474-1A3956D46DE8}") = "Solution Items", "Solution Items", "{8E2B8F6C-780E-4B5A-962F-D0E6233DCE40}"
	ProjectSection(SolutionItems) = preProject
		Directory.Packages.props = Directory.Packages.props
	EndProjectSection
EndProject
Global
	GlobalSection(SolutionConfigurationPlatforms) = preSolution
		Debug|Any CPU = Debug|Any CPU
		Release|Any CPU = Release|Any CPU
	EndGlobalSection
	GlobalSection(ProjectConfigurationPlatforms) = postSolution
		{CF0ABB5A-CD7B-47F6-9683-C19A0539E25A}.Debug|Any CPU.ActiveCfg = Debug|Any CPU
		{CF0ABB5A-CD7B-47F6-9683-C19A0539E25A}.Debug|Any CPU.Build.0 = Debug|Any CPU
		{CF0ABB5A-CD7B-47F6-9683-C19A0539E25A}.Release|Any CPU.ActiveCfg = Release|Any CPU
		{CF0ABB5A-CD7B-47F6-9683-C19A0539E25A}.Release|Any CPU.Build.0 = Release|Any CPU
		{B5924263-368C-414D-ACB2-1416C1527DFA}.Debug|Any CPU.ActiveCfg = Debug|Any CPU
		{B5924263-368C-414D-ACB2-1416C1527DFA}.Debug|Any CPU.Build.0 = Debug|Any CPU
		{B5924263-368C-414D-ACB2-1416C1527DFA}.Release|Any CPU.ActiveCfg = Release|Any CPU
		{B5924263-368C-414D-ACB2-1416C1527DFA}.Release|Any CPU.Build.0 = Release|Any CPU
		{F3F127B7-1253-48F3-9458-76755F1AB408}.Debug|Any CPU.ActiveCfg = Debug|Any CPU
		{F3F127B7-1253-48F3-9458-76755F1AB408}.Debug|Any CPU.Build.0 = Debug|Any CPU
		{F3F127B7-1253-48F3-9458-76755F1AB408}.Release|Any CPU.ActiveCfg = Release|Any CPU
		{F3F127B7-1253-48F3-9458-76755F1AB408}.Release|Any CPU.Build.0 = Release|Any CPU
		{3B5EC824-BF12-4BDF-83B6-A853DD1FF787}.Debug|Any CPU.ActiveCfg = Debug|Any CPU
		{3B5EC824-BF12-4BDF-83B6-A853DD1FF787}.Debug|Any CPU.Build.0 = Debug|Any CPU
		{3B5EC824-BF12-4BDF-83B6-A853DD1FF787}.Release|Any CPU.ActiveCfg = Release|Any CPU
		{3B5EC824-BF12-4BDF-83B6-A853DD1FF787}.Release|Any CPU.Build.0 = Release|Any CPU
	EndGlobalSection
	GlobalSection(SolutionProperties) = preSolution
		HideSolutionNode = FALSE
	EndGlobalSection
	GlobalSection(ExtensibilityGlobals) = postSolution
		SolutionGuid = {40CCD589-5D18-434F-991B-8A3A4B2FC44B}
	EndGlobalSection
EndGlobal
